
Microsoft Visual Studio Solution File, Format Version 12.00
# Visual Studio Version 16
VisualStudioVersion = 16.0.30503.244
MinimumVisualStudioVersion = 10.0.40219.1
Project("{9A19103F-16F7-4668-BE54-9A1E7A4F7556}") = "Resonant", "Resonant\Resonant.csproj", "{5E0E28BD-04CB-44F9-9621-928177B1BD09}"
EndProject
Global
	GlobalSection(SolutionConfigurationPlatforms) = preSolution
		Debug|Any CPU = Debug|Any CPU
		Release|Any CPU = Release|Any CPU
	EndGlobalSection
	GlobalSection(ProjectConfigurationPlatforms) = postSolution
		{5E0E28BD-04CB-44F9-9621-928177B1BD09}.Debug|Any CPU.ActiveCfg = Debug|Any CPU
		{5E0E28BD-04CB-44F9-9621-928177B1BD09}.Debug|Any CPU.Build.0 = Debug|Any CPU
		{5E0E28BD-04CB-44F9-9621-928177B1BD09}.Release|Any CPU.ActiveCfg = Release|Any CPU
		{5E0E28BD-04CB-44F9-9621-928177B1BD09}.Release|Any CPU.Build.0 = Release|Any CPU
	EndGlobalSection
	GlobalSection(SolutionProperties) = preSolution
		HideSolutionNode = FALSE
	EndGlobalSection
	GlobalSection(ExtensibilityGlobals) = postSolution
		SolutionGuid = {E07D5D3E-2D1D-41F4-8DCD-9C7D03291D43}
	EndGlobalSection
EndGlobal
